
Microsoft Visual Studio Solution File, Format Version 12.00
# Visual Studio 14
VisualStudioVersion = 14.0.24720.0
MinimumVisualStudioVersion = 10.0.40219.1
Project("{FAE04EC0-301F-11D3-BF4B-00C04F79EFBC}") = "Hotel", "Hotel\Hotel.csproj", "{FC9C20C9-D04F-462A-8791-5273D65C2420}"
EndProject
Project("{FAE04EC0-301F-11D3-BF4B-00C04F79EFBC}") = "Hotel.Client", "Hotel.Client\Hotel.Client.csproj", "{35D29FB3-089E-4669-8EC2-46C04CCA9E51}"
EndProject
Project("{FAE04EC0-301F-11D3-BF4B-00C04F79EFBC}") = "Hotel.Service", "Hotel.Service\Hotel.Service.csproj", "{ADFDD5CF-F20D-40B7-93BF-6BA38C059546}"
EndProject
Project("{FAE04EC0-301F-11D3-BF4B-00C04F79EFBC}") = "Hotel.Repository", "Hotel.Repository\Hotel.Repository.csproj", "{5AD8AF0A-D7A2-4868-AB4E-C1DD1BE329FD}"
EndProject
Project("{00D1A9C2-B5F0-4AF3-8072-F6C62B433612}") = "Hotel.Database", "Hotel.Database\Hotel.Database.sqlproj", "{21386ECF-4DD4-4978-BB60-654CEF35BB89}"
EndProject
Project("{FAE04EC0-301F-11D3-BF4B-00C04F79EFBC}") = "DataTransferObjects", "DataTransferObjects\DataTransferObjects.csproj", "{D8E4331C-D0CC-4B8A-BA25-FB01EFCC88F1}"
EndProject
Project("{2150E333-8FDC-42A3-9474-1A3956D46DE8}") = "Repository", "Repository", "{731DF8B0-DF5B-4316-B785-4DAAE53F7A9D}"
EndProject
Project("{FAE04EC0-301F-11D3-BF4B-00C04F79EFBC}") = "Hotel.Repository.Test", "Hotel.Repository.Test\Hotel.Repository.Test.csproj", "{533DE522-96C0-49C1-BDA8-5C63A1EB4675}"
EndProject
Global
	GlobalSection(SolutionConfigurationPlatforms) = preSolution
		Debug|Any CPU = Debug|Any CPU
		Debug|ARM = Debug|ARM
		Debug|x64 = Debug|x64
		Debug|x86 = Debug|x86
		Release|Any CPU = Release|Any CPU
		Release|ARM = Release|ARM
		Release|x64 = Release|x64
		Release|x86 = Release|x86
	EndGlobalSection
	GlobalSection(ProjectConfigurationPlatforms) = postSolution
		{FC9C20C9-D04F-462A-8791-5273D65C2420}.Debug|Any CPU.ActiveCfg = Debug|Any CPU
		{FC9C20C9-D04F-462A-8791-5273D65C2420}.Debug|Any CPU.Build.0 = Debug|Any CPU
		{FC9C20C9-D04F-462A-8791-5273D65C2420}.Debug|ARM.ActiveCfg = Debug|Any CPU
		{FC9C20C9-D04F-462A-8791-5273D65C2420}.Debug|ARM.Build.0 = Debug|Any CPU
		{FC9C20C9-D04F-462A-8791-5273D65C2420}.Debug|x64.ActiveCfg = Debug|Any CPU
		{FC9C20C9-D04F-462A-8791-5273D65C2420}.Debug|x64.Build.0 = Debug|Any CPU
		{FC9C20C9-D04F-462A-8791-5273D65C2420}.Debug|x86.ActiveCfg = Debug|Any CPU
		{FC9C20C9-D04F-462A-8791-5273D65C2420}.Debug|x86.Build.0 = Debug|Any CPU
		{FC9C20C9-D04F-462A-8791-5273D65C2420}.Release|Any CPU.ActiveCfg = Release|Any CPU
		{FC9C20C9-D04F-462A-8791-5273D65C2420}.Release|Any CPU.Build.0 = Release|Any CPU
		{FC9C20C9-D04F-462A-8791-5273D65C2420}.Release|ARM.ActiveCfg = Release|Any CPU
		{FC9C20C9-D04F-462A-8791-5273D65C2420}.Release|ARM.Build.0 = Release|Any CPU
		{FC9C20C9-D04F-462A-8791-5273D65C2420}.Release|x64.ActiveCfg = Release|Any CPU
		{FC9C20C9-D04F-462A-8791-5273D65C2420}.Release|x64.Build.0 = Release|Any CPU
		{FC9C20C9-D04F-462A-8791-5273D65C2420}.Release|x86.ActiveCfg = Release|Any CPU
		{FC9C20C9-D04F-462A-8791-5273D65C2420}.Release|x86.Build.0 = Release|Any CPU
		{35D29FB3-089E-4669-8EC2-46C04CCA9E51}.Debug|Any CPU.ActiveCfg = Debug|Any CPU
		{35D29FB3-089E-4669-8EC2-46C04CCA9E51}.Debug|Any CPU.Build.0 = Debug|Any CPU
		{35D29FB3-089E-4669-8EC2-46C04CCA9E51}.Debug|ARM.ActiveCfg = Debug|Any CPU
		{35D29FB3-089E-4669-8EC2-46C04CCA9E51}.Debug|ARM.Build.0 = Debug|Any CPU
		{35D29FB3-089E-4669-8EC2-46C04CCA9E51}.Debug|x64.ActiveCfg = Debug|Any CPU
		{35D29FB3-089E-4669-8EC2-46C04CCA9E51}.Debug|x64.Build.0 = Debug|Any CPU
		{35D29FB3-089E-4669-8EC2-46C04CCA9E51}.Debug|x86.ActiveCfg = Debug|Any CPU
		{35D29FB3-089E-4669-8EC2-46C04CCA9E51}.Debug|x86.Build.0 = Debug|Any CPU
		{35D29FB3-089E-4669-8EC2-46C04CCA9E51}.Release|Any CPU.ActiveCfg = Release|Any CPU
		{35D29FB3-089E-4669-8EC2-46C04CCA9E51}.Release|Any CPU.Build.0 = Release|Any CPU
		{35D29FB3-089E-4669-8EC2-46C04CCA9E51}.Release|ARM.ActiveCfg = Release|Any CPU
		{35D29FB3-089E-4669-8EC2-46C04CCA9E51}.Release|ARM.Build.0 = Release|Any CPU
		{35D29FB3-089E-4669-8EC2-46C04CCA9E51}.Release|x64.ActiveCfg = Release|Any CPU
		{35D29FB3-089E-4669-8EC2-46C04CCA9E51}.Release|x64.Build.0 = Release|Any CPU
		{35D29FB3-089E-4669-8EC2-46C04CCA9E51}.Release|x86.ActiveCfg = Release|Any CPU
		{35D29FB3-089E-4669-8EC2-46C04CCA9E51}.Release|x86.Build.0 = Release|Any CPU
		{ADFDD5CF-F20D-40B7-93BF-6BA38C059546}.Debug|Any CPU.ActiveCfg = Debug|Any CPU
		{ADFDD5CF-F20D-40B7-93BF-6BA38C059546}.Debug|Any CPU.Build.0 = Debug|Any CPU
		{ADFDD5CF-F20D-40B7-93BF-6BA38C059546}.Debug|ARM.ActiveCfg = Debug|Any CPU
		{ADFDD5CF-F20D-40B7-93BF-6BA38C059546}.Debug|ARM.Build.0 = Debug|Any CPU
		{ADFDD5CF-F20D-40B7-93BF-6BA38C059546}.Debug|x64.ActiveCfg = Debug|Any CPU
		{ADFDD5CF-F20D-40B7-93BF-6BA38C059546}.Debug|x64.Build.0 = Debug|Any CPU
		{ADFDD5CF-F20D-40B7-93BF-6BA38C059546}.Debug|x86.ActiveCfg = Debug|Any CPU
		{ADFDD5CF-F20D-40B7-93BF-6BA38C059546}.Debug|x86.Build.0 = Debug|Any CPU
		{ADFDD5CF-F20D-40B7-93BF-6BA38C059546}.Release|Any CPU.ActiveCfg = Release|Any CPU
		{ADFDD5CF-F20D-40B7-93BF-6BA38C059546}.Release|Any CPU.Build.0 = Release|Any CPU
		{ADFDD5CF-F20D-40B7-93BF-6BA38C059546}.Release|ARM.ActiveCfg = Release|Any CPU
		{ADFDD5CF-F20D-40B7-93BF-6BA38C059546}.Release|ARM.Build.0 = Release|Any CPU
		{ADFDD5CF-F20D-40B7-93BF-6BA38C059546}.Release|x64.ActiveCfg = Release|Any CPU
		{ADFDD5CF-F20D-40B7-93BF-6BA38C059546}.Release|x64.Build.0 = Release|Any CPU
		{ADFDD5CF-F20D-40B7-93BF-6BA38C059546}.Release|x86.ActiveCfg = Release|Any CPU
		{ADFDD5CF-F20D-40B7-93BF-6BA38C059546}.Release|x86.Build.0 = Release|Any CPU
		{5AD8AF0A-D7A2-4868-AB4E-C1DD1BE329FD}.Debug|Any CPU.ActiveCfg = Debug|Any CPU
		{5AD8AF0A-D7A2-4868-AB4E-C1DD1BE329FD}.Debug|Any CPU.Build.0 = Debug|Any CPU
		{5AD8AF0A-D7A2-4868-AB4E-C1DD1BE329FD}.Debug|ARM.ActiveCfg = Debug|Any CPU
		{5AD8AF0A-D7A2-4868-AB4E-C1DD1BE329FD}.Debug|ARM.Build.0 = Debug|Any CPU
		{5AD8AF0A-D7A2-4868-AB4E-C1DD1BE329FD}.Debug|x64.ActiveCfg = Debug|Any CPU
		{5AD8AF0A-D7A2-4868-AB4E-C1DD1BE329FD}.Debug|x64.Build.0 = Debug|Any CPU
		{5AD8AF0A-D7A2-4868-AB4E-C1DD1BE329FD}.Debug|x86.ActiveCfg = Debug|Any CPU
		{5AD8AF0A-D7A2-4868-AB4E-C1DD1BE329FD}.Debug|x86.Build.0 = Debug|Any CPU
		{5AD8AF0A-D7A2-4868-AB4E-C1DD1BE329FD}.Release|Any CPU.ActiveCfg = Release|Any CPU
		{5AD8AF0A-D7A2-4868-AB4E-C1DD1BE329FD}.Release|Any CPU.Build.0 = Release|Any CPU
		{5AD8AF0A-D7A2-4868-AB4E-C1DD1BE329FD}.Release|ARM.ActiveCfg = Release|Any CPU
		{5AD8AF0A-D7A2-4868-AB4E-C1DD1BE329FD}.Release|ARM.Build.0 = Release|Any CPU
		{5AD8AF0A-D7A2-4868-AB4E-C1DD1BE329FD}.Release|x64.ActiveCfg = Release|Any CPU
		{5AD8AF0A-D7A2-4868-AB4E-C1DD1BE329FD}.Release|x64.Build.0 = Release|Any CPU
		{5AD8AF0A-D7A2-4868-AB4E-C1DD1BE329FD}.Release|x86.ActiveCfg = Release|Any CPU
		{5AD8AF0A-D7A2-4868-AB4E-C1DD1BE329FD}.Release|x86.Build.0 = Release|Any CPU
		{21386ECF-4DD4-4978-BB60-654CEF35BB89}.Debug|Any CPU.ActiveCfg = Debug|Any CPU
		{21386ECF-4DD4-4978-BB60-654CEF35BB89}.Debug|ARM.ActiveCfg = Debug|Any CPU
		{21386ECF-4DD4-4978-BB60-654CEF35BB89}.Debug|ARM.Build.0 = Debug|Any CPU
		{21386ECF-4DD4-4978-BB60-654CEF35BB89}.Debug|ARM.Deploy.0 = Debug|Any CPU
		{21386ECF-4DD4-4978-BB60-654CEF35BB89}.Debug|x64.ActiveCfg = Debug|Any CPU
		{21386ECF-4DD4-4978-BB60-654CEF35BB89}.Debug|x64.Build.0 = Debug|Any CPU
		{21386ECF-4DD4-4978-BB60-654CEF35BB89}.Debug|x64.Deploy.0 = Debug|Any CPU
		{21386ECF-4DD4-4978-BB60-654CEF35BB89}.Debug|x86.ActiveCfg = Debug|Any CPU
		{21386ECF-4DD4-4978-BB60-654CEF35BB89}.Debug|x86.Build.0 = Debug|Any CPU
		{21386ECF-4DD4-4978-BB60-654CEF35BB89}.Debug|x86.Deploy.0 = Debug|Any CPU
		{21386ECF-4DD4-4978-BB60-654CEF35BB89}.Release|Any CPU.ActiveCfg = Release|Any CPU
		{21386ECF-4DD4-4978-BB60-654CEF35BB89}.Release|Any CPU.Build.0 = Release|Any CPU
		{21386ECF-4DD4-4978-BB60-654CEF35BB89}.Release|Any CPU.Deploy.0 = Release|Any CPU
		{21386ECF-4DD4-4978-BB60-654CEF35BB89}.Release|ARM.ActiveCfg = Release|Any CPU
		{21386ECF-4DD4-4978-BB60-654CEF35BB89}.Release|ARM.Build.0 = Release|Any CPU
		{21386ECF-4DD4-4978-BB60-654CEF35BB89}.Release|ARM.Deploy.0 = Release|Any CPU
		{21386ECF-4DD4-4978-BB60-654CEF35BB89}.Release|x64.ActiveCfg = Release|Any CPU
		{21386ECF-4DD4-4978-BB60-654CEF35BB89}.Release|x64.Build.0 = Release|Any CPU
		{21386ECF-4DD4-4978-BB60-654CEF35BB89}.Release|x64.Deploy.0 = Release|Any CPU
		{21386ECF-4DD4-4978-BB60-654CEF35BB89}.Release|x86.ActiveCfg = Release|Any CPU
		{21386ECF-4DD4-4978-BB60-654CEF35BB89}.Release|x86.Build.0 = Release|Any CPU
		{21386ECF-4DD4-4978-BB60-654CEF35BB89}.Release|x86.Deploy.0 = Release|Any CPU
		{D8E4331C-D0CC-4B8A-BA25-FB01EFCC88F1}.Debug|Any CPU.ActiveCfg = Debug|Any CPU
		{D8E4331C-D0CC-4B8A-BA25-FB01EFCC88F1}.Debug|Any CPU.Build.0 = Debug|Any CPU
		{D8E4331C-D0CC-4B8A-BA25-FB01EFCC88F1}.Debug|ARM.ActiveCfg = Debug|Any CPU
		{D8E4331C-D0CC-4B8A-BA25-FB01EFCC88F1}.Debug|ARM.Build.0 = Debug|Any CPU
		{D8E4331C-D0CC-4B8A-BA25-FB01EFCC88F1}.Debug|x64.ActiveCfg = Debug|Any CPU
		{D8E4331C-D0CC-4B8A-BA25-FB01EFCC88F1}.Debug|x64.Build.0 = Debug|Any CPU
		{D8E4331C-D0CC-4B8A-BA25-FB01EFCC88F1}.Debug|x86.ActiveCfg = Debug|Any CPU
		{D8E4331C-D0CC-4B8A-BA25-FB01EFCC88F1}.Debug|x86.Build.0 = Debug|Any CPU
		{D8E4331C-D0CC-4B8A-BA25-FB01EFCC88F1}.Release|Any CPU.ActiveCfg = Release|Any CPU
		{D8E4331C-D0CC-4B8A-BA25-FB01EFCC88F1}.Release|Any CPU.Build.0 = Release|Any CPU
		{D8E4331C-D0CC-4B8A-BA25-FB01EFCC88F1}.Release|ARM.ActiveCfg = Release|Any CPU
		{D8E4331C-D0CC-4B8A-BA25-FB01EFCC88F1}.Release|ARM.Build.0 = Release|Any CPU
		{D8E4331C-D0CC-4B8A-BA25-FB01EFCC88F1}.Release|x64.ActiveCfg = Release|Any CPU
		{D8E4331C-D0CC-4B8A-BA25-FB01EFCC88F1}.Release|x64.Build.0 = Release|Any CPU
		{D8E4331C-D0CC-4B8A-BA25-FB01EFCC88F1}.Release|x86.ActiveCfg = Release|Any CPU
		{D8E4331C-D0CC-4B8A-BA25-FB01EFCC88F1}.Release|x86.Build.0 = Release|Any CPU
		{533DE522-96C0-49C1-BDA8-5C63A1EB4675}.Debug|Any CPU.ActiveCfg = Debug|Any CPU
		{533DE522-96C0-49C1-BDA8-5C63A1EB4675}.Debug|Any CPU.Build.0 = Debug|Any CPU
		{533DE522-96C0-49C1-BDA8-5C63A1EB4675}.Debug|ARM.ActiveCfg = Debug|Any CPU
		{533DE522-96C0-49C1-BDA8-5C63A1EB4675}.Debug|ARM.Build.0 = Debug|Any CPU
		{533DE522-96C0-49C1-BDA8-5C63A1EB4675}.Debug|x64.ActiveCfg = Debug|Any CPU
		{533DE522-96C0-49C1-BDA8-5C63A1EB4675}.Debug|x64.Build.0 = Debug|Any CPU
		{533DE522-96C0-49C1-BDA8-5C63A1EB4675}.Debug|x86.ActiveCfg = Debug|Any CPU
		{533DE522-96C0-49C1-BDA8-5C63A1EB4675}.Debug|x86.Build.0 = Debug|Any CPU
		{533DE522-96C0-49C1-BDA8-5C63A1EB4675}.Release|Any CPU.ActiveCfg = Release|Any CPU
		{533DE522-96C0-49C1-BDA8-5C63A1EB4675}.Release|Any CPU.Build.0 = Release|Any CPU
		{533DE522-96C0-49C1-BDA8-5C63A1EB4675}.Release|ARM.ActiveCfg = Release|Any CPU
		{533DE522-96C0-49C1-BDA8-5C63A1EB4675}.Release|ARM.Build.0 = Release|Any CPU
		{533DE522-96C0-49C1-BDA8-5C63A1EB4675}.Release|x64.ActiveCfg = Release|Any CPU
		{533DE522-96C0-49C1-BDA8-5C63A1EB4675}.Release|x64.Build.0 = Release|Any CPU
		{533DE522-96C0-49C1-BDA8-5C63A1EB4675}.Release|x86.ActiveCfg = Release|Any CPU
		{533DE522-96C0-49C1-BDA8-5C63A1EB4675}.Release|x86.Build.0 = Release|Any CPU
	EndGlobalSection
	GlobalSection(SolutionProperties) = preSolution
		HideSolutionNode = FALSE
	EndGlobalSection
	GlobalSection(NestedProjects) = preSolution
		{5AD8AF0A-D7A2-4868-AB4E-C1DD1BE329FD} = {731DF8B0-DF5B-4316-B785-4DAAE53F7A9D}
		{533DE522-96C0-49C1-BDA8-5C63A1EB4675} = {731DF8B0-DF5B-4316-B785-4DAAE53F7A9D}
	EndGlobalSection
EndGlobal
